
Microsoft Visual Studio Solution File, Format Version 12.00
# Visual Studio Version 17
VisualStudioVersion = 17.3.32929.385
MinimumVisualStudioVersion = 10.0.40219.1
Project("{9A19103F-16F7-4668-BE54-9A1E7A4F7556}") = "Crafty", "Crafty.csproj", "{541EAB8A-08CA-4B7D-9086-49EA2F2206C0}"
EndProject
Global
	GlobalSection(SolutionConfigurationPlatforms) = preSolution
		Debug|Any CPU = Debug|Any CPU
		Release|Any CPU = Release|Any CPU
	EndGlobalSection
	GlobalSection(ProjectConfigurationPlatforms) = postSolution
		{541EAB8A-08CA-4B7D-9086-49EA2F2206C0}.Debug|Any CPU.ActiveCfg = Debug|Any CPU
		{541EAB8A-08CA-4B7D-9086-49EA2F2206C0}.Debug|Any CPU.Build.0 = Debug|Any CPU
		{541EAB8A-08CA-4B7D-9086-49EA2F2206C0}.Release|Any CPU.ActiveCfg = Release|Any CPU
		{541EAB8A-08CA-4B7D-9086-49EA2F2206C0}.Release|Any CPU.Build.0 = Release|Any CPU
	EndGlobalSection
	GlobalSection(SolutionProperties) = preSolution
		HideSolutionNode = FALSE
	EndGlobalSection
	GlobalSection(ExtensibilityGlobals) = postSolution
		SolutionGuid = {BDC9441C-A9F1-45E3-A373-3926932EBD24}
	EndGlobalSection
EndGlobal
